
Microsoft Visual Studio Solution File, Format Version 12.00
Project("{FAE04EC0-301F-11D3-BF4B-00C04F79EFBC}") = "Report.Constructor.Gateway", "Report.Constructor.Gateway\Report.Constructor.Gateway.csproj", "{1004D113-DF44-440B-80A7-D5FD249564CF}"
EndProject
Project("{2150E333-8FDC-42A3-9474-1A3956D46DE8}") = "SolutionItems", "SolutionItems", "{2468AF69-DC97-4661-9BA6-F56884FD8134}"
	ProjectSection(SolutionItems) = preProject
		.gitignore = .gitignore
		readme.md = readme.md
		.editorconfig = .editorconfig
		BuildConfig.yaml = BuildConfig.yaml
		openssl.conf = openssl.conf
	EndProjectSection
EndProject
Project("{FAE04EC0-301F-11D3-BF4B-00C04F79EFBC}") = "Report.Constructor.Application", "Report.Constructor.Application\Report.Constructor.Application.csproj", "{6B43D1F9-7552-420C-9B6B-9D04581485A1}"
EndProject
Project("{FAE04EC0-301F-11D3-BF4B-00C04F79EFBC}") = "Report.Constructor.Infrastructure", "Report.Constructor.Infrastructure\Report.Constructor.Infrastructure.csproj", "{58A50045-8D7B-43CD-BB55-A3DEBB59A458}"
EndProject
Project("{FAE04EC0-301F-11D3-BF4B-00C04F79EFBC}") = "Report.Constructor.Core", "Report.Constructor.Core\Report.Constructor.Core.csproj", "{6C7AD7EB-A39F-4DD8-9733-73A6BD052A92}"
EndProject
Project("{2150E333-8FDC-42A3-9474-1A3956D46DE8}") = "Adapters", "Adapters", "{D23AA532-495A-49B4-9C82-07D08D0C23DE}"
EndProject
Project("{FAE04EC0-301F-11D3-BF4B-00C04F79EFBC}") = "Report.Constructor.DAL", "Report.Constructor.DAL\Report.Constructor.DAL.csproj", "{8166A533-B1D5-451D-A35C-357A29F08D6F}"
EndProject
Project("{FAE04EC0-301F-11D3-BF4B-00C04F79EFBC}") = "WebServiceRestAdapter", "Adapters\WebServiceRestAdapter\WebServiceRestAdapter.csproj", "{D35CBF50-38CA-418C-A3BF-E64A0C6FA229}"
EndProject
Project("{FAE04EC0-301F-11D3-BF4B-00C04F79EFBC}") = "AuditAdapter", "Adapters\AuditAdapter\AuditAdapter.csproj", "{0C123DD6-70DF-4333-A282-FD48D3F5C7F9}"
EndProject
Global
	GlobalSection(SolutionConfigurationPlatforms) = preSolution
		Debug|Any CPU = Debug|Any CPU
		Release|Any CPU = Release|Any CPU
	EndGlobalSection
	GlobalSection(ProjectConfigurationPlatforms) = postSolution
		{1004D113-DF44-440B-80A7-D5FD249564CF}.Debug|Any CPU.ActiveCfg = Debug|Any CPU
		{1004D113-DF44-440B-80A7-D5FD249564CF}.Debug|Any CPU.Build.0 = Debug|Any CPU
		{1004D113-DF44-440B-80A7-D5FD249564CF}.Release|Any CPU.ActiveCfg = Release|Any CPU
		{1004D113-DF44-440B-80A7-D5FD249564CF}.Release|Any CPU.Build.0 = Release|Any CPU
		{6B43D1F9-7552-420C-9B6B-9D04581485A1}.Debug|Any CPU.ActiveCfg = Debug|Any CPU
		{6B43D1F9-7552-420C-9B6B-9D04581485A1}.Debug|Any CPU.Build.0 = Debug|Any CPU
		{6B43D1F9-7552-420C-9B6B-9D04581485A1}.Release|Any CPU.ActiveCfg = Release|Any CPU
		{6B43D1F9-7552-420C-9B6B-9D04581485A1}.Release|Any CPU.Build.0 = Release|Any CPU
		{58A50045-8D7B-43CD-BB55-A3DEBB59A458}.Debug|Any CPU.ActiveCfg = Debug|Any CPU
		{58A50045-8D7B-43CD-BB55-A3DEBB59A458}.Debug|Any CPU.Build.0 = Debug|Any CPU
		{58A50045-8D7B-43CD-BB55-A3DEBB59A458}.Release|Any CPU.ActiveCfg = Release|Any CPU
		{58A50045-8D7B-43CD-BB55-A3DEBB59A458}.Release|Any CPU.Build.0 = Release|Any CPU
		{6C7AD7EB-A39F-4DD8-9733-73A6BD052A92}.Debug|Any CPU.ActiveCfg = Debug|Any CPU
		{6C7AD7EB-A39F-4DD8-9733-73A6BD052A92}.Debug|Any CPU.Build.0 = Debug|Any CPU
		{6C7AD7EB-A39F-4DD8-9733-73A6BD052A92}.Release|Any CPU.ActiveCfg = Release|Any CPU
		{6C7AD7EB-A39F-4DD8-9733-73A6BD052A92}.Release|Any CPU.Build.0 = Release|Any CPU
		{8166A533-B1D5-451D-A35C-357A29F08D6F}.Debug|Any CPU.ActiveCfg = Debug|Any CPU
		{8166A533-B1D5-451D-A35C-357A29F08D6F}.Debug|Any CPU.Build.0 = Debug|Any CPU
		{8166A533-B1D5-451D-A35C-357A29F08D6F}.Release|Any CPU.ActiveCfg = Release|Any CPU
		{8166A533-B1D5-451D-A35C-357A29F08D6F}.Release|Any CPU.Build.0 = Release|Any CPU
		{D35CBF50-38CA-418C-A3BF-E64A0C6FA229}.Debug|Any CPU.ActiveCfg = Debug|Any CPU
		{D35CBF50-38CA-418C-A3BF-E64A0C6FA229}.Debug|Any CPU.Build.0 = Debug|Any CPU
		{D35CBF50-38CA-418C-A3BF-E64A0C6FA229}.Release|Any CPU.ActiveCfg = Release|Any CPU
		{D35CBF50-38CA-418C-A3BF-E64A0C6FA229}.Release|Any CPU.Build.0 = Release|Any CPU
		{0C123DD6-70DF-4333-A282-FD48D3F5C7F9}.Debug|Any CPU.ActiveCfg = Debug|Any CPU
		{0C123DD6-70DF-4333-A282-FD48D3F5C7F9}.Debug|Any CPU.Build.0 = Debug|Any CPU
		{0C123DD6-70DF-4333-A282-FD48D3F5C7F9}.Release|Any CPU.ActiveCfg = Release|Any CPU
		{0C123DD6-70DF-4333-A282-FD48D3F5C7F9}.Release|Any CPU.Build.0 = Release|Any CPU
	EndGlobalSection
	GlobalSection(NestedProjects) = preSolution
		{D35CBF50-38CA-418C-A3BF-E64A0C6FA229} = {D23AA532-495A-49B4-9C82-07D08D0C23DE}
		{0C123DD6-70DF-4333-A282-FD48D3F5C7F9} = {D23AA532-495A-49B4-9C82-07D08D0C23DE}
	EndGlobalSection
EndGlobal
